// !$*UTF8*$!
{
	archiveVersion = 1;
	classes = {
	};
	objectVersion = 56;
	objects = {

/* Begin PBXBuildFile section */
		75D698972BA3306F00DF0D3B /* DatabaseDownloading.swift in Sources */ = {isa = PBXBuildFile; fileRef = 75D698962BA3306F00DF0D3B /* DatabaseDownloading.swift */; };
		75D6989A2BA330F400DF0D3B /* DocumentReaderService.swift in Sources */ = {isa = PBXBuildFile; fileRef = 75D698992BA330F400DF0D3B /* DocumentReaderService.swift */; };
		75D6989F2BA3332000DF0D3B /* CertificatesPA.bundle in Resources */ = {isa = PBXBuildFile; fileRef = 75D6989B2BA3332000DF0D3B /* CertificatesPA.bundle */; };
		75D698A02BA3332000DF0D3B /* CertificatesTA.bundle in Resources */ = {isa = PBXBuildFile; fileRef = 75D6989C2BA3332000DF0D3B /* CertificatesTA.bundle */; };
		75D698A12BA3332000DF0D3B /* Certificates.bundle in Resources */ = {isa = PBXBuildFile; fileRef = 75D6989D2BA3332000DF0D3B /* Certificates.bundle */; };
		75D698A22BA3332000DF0D3B /* regula.license in Resources */ = {isa = PBXBuildFile; fileRef = 75D6989E2BA3332000DF0D3B /* regula.license */; };
		75D698A42BA40FB700DF0D3B /* regula.license in Sources */ = {isa = PBXBuildFile; fileRef = 75D6989E2BA3332000DF0D3B /* regula.license */; };
		9566F5A68E8B5E19E349FA13 /* Pods_MaccolValidatorEmail.framework in Frameworks */ = {isa = PBXBuildFile; fileRef = 5EF62031887824BDFC4FE5C8 /* Pods_MaccolValidatorEmail.framework */; };
		C9B44F2A2B9D93770020FB4B /* MaccolValidatorEmail.h in Headers */ = {isa = PBXBuildFile; fileRef = C9B44F292B9D93770020FB4B /* MaccolValidatorEmail.h */; settings = {ATTRIBUTES = (Public, ); }; };
		C9B44F312B9D93AA0020FB4B /* MaccolValidatorEmail.swift in Sources */ = {isa = PBXBuildFile; fileRef = C9B44F302B9D93AA0020FB4B /* MaccolValidatorEmail.swift */; };
/* End PBXBuildFile section */

/* Begin PBXFileReference section */
		06F503EDEAE9747A57BCD3A2 /* Pods-MaccolValidatorEmail.debug.xcconfig */ = {isa = PBXFileReference; includeInIndex = 1; lastKnownFileType = text.xcconfig; name = "Pods-MaccolValidatorEmail.debug.xcconfig"; path = "Target Support Files/Pods-MaccolValidatorEmail/Pods-MaccolValidatorEmail.debug.xcconfig"; sourceTree = "<group>"; };
		5EF62031887824BDFC4FE5C8 /* Pods_MaccolValidatorEmail.framework */ = {isa = PBXFileReference; explicitFileType = wrapper.framework; includeInIndex = 0; path = Pods_MaccolValidatorEmail.framework; sourceTree = BUILT_PRODUCTS_DIR; };
		75D698962BA3306F00DF0D3B /* DatabaseDownloading.swift */ = {isa = PBXFileReference; lastKnownFileType = sourcecode.swift; path = DatabaseDownloading.swift; sourceTree = "<group>"; };
		75D698992BA330F400DF0D3B /* DocumentReaderService.swift */ = {isa = PBXFileReference; lastKnownFileType = sourcecode.swift; path = DocumentReaderService.swift; sourceTree = "<group>"; };
		75D6989B2BA3332000DF0D3B /* CertificatesPA.bundle */ = {isa = PBXFileReference; lastKnownFileType = "wrapper.plug-in"; path = CertificatesPA.bundle; sourceTree = "<group>"; };
		75D6989C2BA3332000DF0D3B /* CertificatesTA.bundle */ = {isa = PBXFileReference; lastKnownFileType = "wrapper.plug-in"; path = CertificatesTA.bundle; sourceTree = "<group>"; };
		75D6989D2BA3332000DF0D3B /* Certificates.bundle */ = {isa = PBXFileReference; lastKnownFileType = "wrapper.plug-in"; path = Certificates.bundle; sourceTree = "<group>"; };
		75D6989E2BA3332000DF0D3B /* regula.license */ = {isa = PBXFileReference; lastKnownFileType = file; path = regula.license; sourceTree = "<group>"; };
		A84BED3A51F20C10089D3F1A /* Pods-MaccolValidatorEmail.release.xcconfig */ = {isa = PBXFileReference; includeInIndex = 1; lastKnownFileType = text.xcconfig; name = "Pods-MaccolValidatorEmail.release.xcconfig"; path = "Target Support Files/Pods-MaccolValidatorEmail/Pods-MaccolValidatorEmail.release.xcconfig"; sourceTree = "<group>"; };
		C9B44F262B9D93770020FB4B /* MaccolValidatorEmail.framework */ = {isa = PBXFileReference; explicitFileType = wrapper.framework; includeInIndex = 0; path = MaccolValidatorEmail.framework; sourceTree = BUILT_PRODUCTS_DIR; };
		C9B44F292B9D93770020FB4B /* MaccolValidatorEmail.h */ = {isa = PBXFileReference; lastKnownFileType = sourcecode.c.h; path = MaccolValidatorEmail.h; sourceTree = "<group>"; };
		C9B44F302B9D93AA0020FB4B /* MaccolValidatorEmail.swift */ = {isa = PBXFileReference; lastKnownFileType = sourcecode.swift; path = MaccolValidatorEmail.swift; sourceTree = "<group>"; };
/* End PBXFileReference section */

/* Begin PBXFrameworksBuildPhase section */
		C9B44F232B9D93770020FB4B /* Frameworks */ = {
			isa = PBXFrameworksBuildPhase;
			buildActionMask = 2147483647;
			files = (
				9566F5A68E8B5E19E349FA13 /* Pods_MaccolValidatorEmail.framework in Frameworks */,
			);
			runOnlyForDeploymentPostprocessing = 0;
		};
/* End PBXFrameworksBuildPhase section */

/* Begin PBXGroup section */
		1D0D7012A78D295CA46FC48A /* Pods */ = {
			isa = PBXGroup;
			children = (
				06F503EDEAE9747A57BCD3A2 /* Pods-MaccolValidatorEmail.debug.xcconfig */,
				A84BED3A51F20C10089D3F1A /* Pods-MaccolValidatorEmail.release.xcconfig */,
			);
			path = Pods;
			sourceTree = "<group>";
		};
		C9B44F1C2B9D93770020FB4B = {
			isa = PBXGroup;
			children = (
				C9B44F302B9D93AA0020FB4B /* MaccolValidatorEmail.swift */,
				75D698992BA330F400DF0D3B /* DocumentReaderService.swift */,
				75D6989D2BA3332000DF0D3B /* Certificates.bundle */,
				75D6989B2BA3332000DF0D3B /* CertificatesPA.bundle */,
				75D6989C2BA3332000DF0D3B /* CertificatesTA.bundle */,
				75D6989E2BA3332000DF0D3B /* regula.license */,
				75D698962BA3306F00DF0D3B /* DatabaseDownloading.swift */,
				C9B44F282B9D93770020FB4B /* MaccolValidatorEmail */,
				C9B44F272B9D93770020FB4B /* Products */,
				1D0D7012A78D295CA46FC48A /* Pods */,
				DA1B60237DBBA8F919980521 /* Frameworks */,
			);
			sourceTree = "<group>";
		};
		C9B44F272B9D93770020FB4B /* Products */ = {
			isa = PBXGroup;
			children = (
				C9B44F262B9D93770020FB4B /* MaccolValidatorEmail.framework */,
			);
			name = Products;
			sourceTree = "<group>";
		};
		C9B44F282B9D93770020FB4B /* MaccolValidatorEmail */ = {
			isa = PBXGroup;
			children = (
				C9B44F292B9D93770020FB4B /* MaccolValidatorEmail.h */,
			);
			path = MaccolValidatorEmail;
			sourceTree = "<group>";
		};
		DA1B60237DBBA8F919980521 /* Frameworks */ = {
			isa = PBXGroup;
			children = (
				5EF62031887824BDFC4FE5C8 /* Pods_MaccolValidatorEmail.framework */,
			);
			name = Frameworks;
			sourceTree = "<group>";
		};
/* End PBXGroup section */

/* Begin PBXHeadersBuildPhase section */
		C9B44F212B9D93770020FB4B /* Headers */ = {
			isa = PBXHeadersBuildPhase;
			buildActionMask = 2147483647;
			files = (
				C9B44F2A2B9D93770020FB4B /* MaccolValidatorEmail.h in Headers */,
			);
			runOnlyForDeploymentPostprocessing = 0;
		};
/* End PBXHeadersBuildPhase section */

/* Begin PBXNativeTarget section */
		C9B44F252B9D93770020FB4B /* MaccolValidatorEmail */ = {
			isa = PBXNativeTarget;
			buildConfigurationList = C9B44F2D2B9D93770020FB4B /* Build configuration list for PBXNativeTarget "MaccolValidatorEmail" */;
			buildPhases = (
				028E90FFAF4139298C573F57 /* [CP] Check Pods Manifest.lock */,
				C9B44F212B9D93770020FB4B /* Headers */,
				C9B44F222B9D93770020FB4B /* Sources */,
				C9B44F232B9D93770020FB4B /* Frameworks */,
				C9B44F242B9D93770020FB4B /* Resources */,
			);
			buildRules = (
			);
			dependencies = (
			);
			name = MaccolValidatorEmail;
			packageProductDependencies = (
			);
			productName = MaccolValidatorEmail;
			productReference = C9B44F262B9D93770020FB4B /* MaccolValidatorEmail.framework */;
			productType = "com.apple.product-type.framework";
		};
/* End PBXNativeTarget section */

/* Begin PBXProject section */
		C9B44F1D2B9D93770020FB4B /* Project object */ = {
			isa = PBXProject;
			attributes = {
				BuildIndependentTargetsInParallel = 1;
				LastUpgradeCheck = 1530;
				TargetAttributes = {
					C9B44F252B9D93770020FB4B = {
						CreatedOnToolsVersion = 15.3;
						LastSwiftMigration = 1530;
					};
				};
			};
			buildConfigurationList = C9B44F202B9D93770020FB4B /* Build configuration list for PBXProject "MaccolValidatorEmail" */;
			compatibilityVersion = "Xcode 14.0";
			developmentRegion = en;
			hasScannedForEncodings = 0;
			knownRegions = (
				en,
				Base,
			);
			mainGroup = C9B44F1C2B9D93770020FB4B;
			packageReferences = (
			);
			productRefGroup = C9B44F272B9D93770020FB4B /* Products */;
			projectDirPath = "";
			projectRoot = "";
			targets = (
				C9B44F252B9D93770020FB4B /* MaccolValidatorEmail */,
			);
		};
/* End PBXProject section */

/* Begin PBXResourcesBuildPhase section */
		C9B44F242B9D93770020FB4B /* Resources */ = {
			isa = PBXResourcesBuildPhase;
			buildActionMask = 2147483647;
			files = (
				75D698A02BA3332000DF0D3B /* CertificatesTA.bundle in Resources */,
				75D6989F2BA3332000DF0D3B /* CertificatesPA.bundle in Resources */,
				75D698A12BA3332000DF0D3B /* Certificates.bundle in Resources */,
				75D698A22BA3332000DF0D3B /* regula.license in Resources */,
			);
			runOnlyForDeploymentPostprocessing = 0;
		};
/* End PBXResourcesBuildPhase section */

/* Begin PBXShellScriptBuildPhase section */
		028E90FFAF4139298C573F57 /* [CP] Check Pods Manifest.lock */ = {
			isa = PBXShellScriptBuildPhase;
			buildActionMask = 2147483647;
			files = (
			);
			inputFileListPaths = (
			);
			inputPaths = (
				"${PODS_PODFILE_DIR_PATH}/Podfile.lock",
				"${PODS_ROOT}/Manifest.lock",
			);
			name = "[CP] Check Pods Manifest.lock";
			outputFileListPaths = (
			);
			outputPaths = (
				"$(DERIVED_FILE_DIR)/Pods-MaccolValidatorEmail-checkManifestLockResult.txt",
			);
			runOnlyForDeploymentPostprocessing = 0;
			shellPath = /bin/sh;
			shellScript = "diff \"${PODS_PODFILE_DIR_PATH}/Podfile.lock\" \"${PODS_ROOT}/Manifest.lock\" > /dev/null\nif [ $? != 0 ] ; then\n    # print error to STDERR\n    echo \"error: The sandbox is not in sync with the Podfile.lock. Run 'pod install' or update your CocoaPods installation.\" >&2\n    exit 1\nfi\n# This output is used by Xcode 'outputs' to avoid re-running this script phase.\necho \"SUCCESS\" > \"${SCRIPT_OUTPUT_FILE_0}\"\n";
			showEnvVarsInLog = 0;
		};
/* End PBXShellScriptBuildPhase section */

/* Begin PBXSourcesBuildPhase section */
		C9B44F222B9D93770020FB4B /* Sources */ = {
			isa = PBXSourcesBuildPhase;
			buildActionMask = 2147483647;
			files = (
				75D698A42BA40FB700DF0D3B /* regula.license in Sources */,
				C9B44F312B9D93AA0020FB4B /* MaccolValidatorEmail.swift in Sources */,
				75D698972BA3306F00DF0D3B /* DatabaseDownloading.swift in Sources */,
				75D6989A2BA330F400DF0D3B /* DocumentReaderService.swift in Sources */,
			);
			runOnlyForDeploymentPostprocessing = 0;
		};
/* End PBXSourcesBuildPhase section */

/* Begin XCBuildConfiguration section */
		C9B44F2B2B9D93770020FB4B /* Debug */ = {
			isa = XCBuildConfiguration;
			buildSettings = {
				ALWAYS_SEARCH_USER_PATHS = NO;
				ASSETCATALOG_COMPILER_GENERATE_SWIFT_ASSET_SYMBOL_EXTENSIONS = YES;
				CLANG_ANALYZER_NONNULL = YES;
				CLANG_ANALYZER_NUMBER_OBJECT_CONVERSION = YES_AGGRESSIVE;
				CLANG_CXX_LANGUAGE_STANDARD = "gnu++20";
				CLANG_ENABLE_MODULES = YES;
				CLANG_ENABLE_OBJC_ARC = YES;
				CLANG_ENABLE_OBJC_WEAK = YES;
				CLANG_WARN_BLOCK_CAPTURE_AUTORELEASING = YES;
				CLANG_WARN_BOOL_CONVERSION = YES;
				CLANG_WARN_COMMA = YES;
				CLANG_WARN_CONSTANT_CONVERSION = YES;
				CLANG_WARN_DEPRECATED_OBJC_IMPLEMENTATIONS = YES;
				CLANG_WARN_DIRECT_OBJC_ISA_USAGE = YES_ERROR;
				CLANG_WARN_DOCUMENTATION_COMMENTS = YES;
				CLANG_WARN_EMPTY_BODY = YES;
				CLANG_WARN_ENUM_CONVERSION = YES;
				CLANG_WARN_INFINITE_RECURSION = YES;
				CLANG_WARN_INT_CONVERSION = YES;
				CLANG_WARN_NON_LITERAL_NULL_CONVERSION = YES;
				CLANG_WARN_OBJC_IMPLICIT_RETAIN_SELF = YES;
				CLANG_WARN_OBJC_LITERAL_CONVERSION = YES;
				CLANG_WARN_OBJC_ROOT_CLASS = YES_ERROR;
				CLANG_WARN_QUOTED_INCLUDE_IN_FRAMEWORK_HEADER = YES;
				CLANG_WARN_RANGE_LOOP_ANALYSIS = YES;
				CLANG_WARN_STRICT_PROTOTYPES = YES;
				CLANG_WARN_SUSPICIOUS_MOVE = YES;
				CLANG_WARN_UNGUARDED_AVAILABILITY = YES_AGGRESSIVE;
				CLANG_WARN_UNREACHABLE_CODE = YES;
				CLANG_WARN__DUPLICATE_METHOD_MATCH = YES;
				COPY_PHASE_STRIP = NO;
				CURRENT_PROJECT_VERSION = 1;
				DEBUG_INFORMATION_FORMAT = dwarf;
				ENABLE_STRICT_OBJC_MSGSEND = YES;
				ENABLE_TESTABILITY = YES;
				ENABLE_USER_SCRIPT_SANDBOXING = YES;
				GCC_C_LANGUAGE_STANDARD = gnu17;
				GCC_DYNAMIC_NO_PIC = NO;
				GCC_NO_COMMON_BLOCKS = YES;
				GCC_OPTIMIZATION_LEVEL = 0;
				GCC_PREPROCESSOR_DEFINITIONS = (
					"DEBUG=1",
					"$(inherited)",
				);
				GCC_WARN_64_TO_32_BIT_CONVERSION = YES;
				GCC_WARN_ABOUT_RETURN_TYPE = YES_ERROR;
				GCC_WARN_UNDECLARED_SELECTOR = YES;
				GCC_WARN_UNINITIALIZED_AUTOS = YES_AGGRESSIVE;
				GCC_WARN_UNUSED_FUNCTION = YES;
				GCC_WARN_UNUSED_VARIABLE = YES;
				IPHONEOS_DEPLOYMENT_TARGET = 17.4;
				LOCALIZATION_PREFERS_STRING_CATALOGS = YES;
				MTL_ENABLE_DEBUG_INFO = INCLUDE_SOURCE;
				MTL_FAST_MATH = YES;
				ONLY_ACTIVE_ARCH = YES;
				SDKROOT = iphoneos;
				SWIFT_ACTIVE_COMPILATION_CONDITIONS = "DEBUG $(inherited)";
				SWIFT_OPTIMIZATION_LEVEL = "-Onone";
				VERSIONING_SYSTEM = "apple-generic";
				VERSION_INFO_PREFIX = "";
			};
			name = Debug;
		};
		C9B44F2C2B9D93770020FB4B /* Release */ = {
			isa = XCBuildConfiguration;
			buildSettings = {
				ALWAYS_SEARCH_USER_PATHS = NO;
				ASSETCATALOG_COMPILER_GENERATE_SWIFT_ASSET_SYMBOL_EXTENSIONS = YES;
				CLANG_ANALYZER_NONNULL = YES;
				CLANG_ANALYZER_NUMBER_OBJECT_CONVERSION = YES_AGGRESSIVE;
				CLANG_CXX_LANGUAGE_STANDARD = "gnu++20";
				CLANG_ENABLE_MODULES = YES;
				CLANG_ENABLE_OBJC_ARC = YES;
				CLANG_ENABLE_OBJC_WEAK = YES;
				CLANG_WARN_BLOCK_CAPTURE_AUTORELEASING = YES;
				CLANG_WARN_BOOL_CONVERSION = YES;
				CLANG_WARN_COMMA = YES;
				CLANG_WARN_CONSTANT_CONVERSION = YES;
				CLANG_WARN_DEPRECATED_OBJC_IMPLEMENTATIONS = YES;
				CLANG_WARN_DIRECT_OBJC_ISA_USAGE = YES_ERROR;
				CLANG_WARN_DOCUMENTATION_COMMENTS = YES;
				CLANG_WARN_EMPTY_BODY = YES;
				CLANG_WARN_ENUM_CONVERSION = YES;
				CLANG_WARN_INFINITE_RECURSION = YES;
				CLANG_WARN_INT_CONVERSION = YES;
				CLANG_WARN_NON_LITERAL_NULL_CONVERSION = YES;
				CLANG_WARN_OBJC_IMPLICIT_RETAIN_SELF = YES;
				CLANG_WARN_OBJC_LITERAL_CONVERSION = YES;
				CLANG_WARN_OBJC_ROOT_CLASS = YES_ERROR;
				CLANG_WARN_QUOTED_INCLUDE_IN_FRAMEWORK_HEADER = YES;
				CLANG_WARN_RANGE_LOOP_ANALYSIS = YES;
				CLANG_WARN_STRICT_PROTOTYPES = YES;
				CLANG_WARN_SUSPICIOUS_MOVE = YES;
				CLANG_WARN_UNGUARDED_AVAILABILITY = YES_AGGRESSIVE;
				CLANG_WARN_UNREACHABLE_CODE = YES;
				CLANG_WARN__DUPLICATE_METHOD_MATCH = YES;
				COPY_PHASE_STRIP = NO;
				CURRENT_PROJECT_VERSION = 1;
				DEBUG_INFORMATION_FORMAT = "dwarf-with-dsym";
				ENABLE_NS_ASSERTIONS = NO;
				ENABLE_STRICT_OBJC_MSGSEND = YES;
				ENABLE_USER_SCRIPT_SANDBOXING = YES;
				GCC_C_LANGUAGE_STANDARD = gnu17;
				GCC_NO_COMMON_BLOCKS = YES;
				GCC_WARN_64_TO_32_BIT_CONVERSION = YES;
				GCC_WARN_ABOUT_RETURN_TYPE = YES_ERROR;
				GCC_WARN_UNDECLARED_SELECTOR = YES;
				GCC_WARN_UNINITIALIZED_AUTOS = YES_AGGRESSIVE;
				GCC_WARN_UNUSED_FUNCTION = YES;
				GCC_WARN_UNUSED_VARIABLE = YES;
				IPHONEOS_DEPLOYMENT_TARGET = 17.4;
				LOCALIZATION_PREFERS_STRING_CATALOGS = YES;
				MTL_ENABLE_DEBUG_INFO = NO;
				MTL_FAST_MATH = YES;
				SDKROOT = iphoneos;
				SWIFT_COMPILATION_MODE = wholemodule;
				VALIDATE_PRODUCT = YES;
				VERSIONING_SYSTEM = "apple-generic";
				VERSION_INFO_PREFIX = "";
			};
			name = Release;
		};
		C9B44F2E2B9D93770020FB4B /* Debug */ = {
			isa = XCBuildConfiguration;
			baseConfigurationReference = 06F503EDEAE9747A57BCD3A2 /* Pods-MaccolValidatorEmail.debug.xcconfig */;
			buildSettings = {
				BUILD_LIBRARY_FOR_DISTRIBUTION = YES;
				CLANG_ENABLE_MODULES = YES;
				CODE_SIGN_STYLE = Automatic;
				CURRENT_PROJECT_VERSION = 1;
				DEFINES_MODULE = YES;
				DYLIB_COMPATIBILITY_VERSION = 1;
				DYLIB_CURRENT_VERSION = 1;
				DYLIB_INSTALL_NAME_BASE = "@rpath";
				ENABLE_MODULE_VERIFIER = YES;
				GENERATE_INFOPLIST_FILE = YES;
				INFOPLIST_KEY_NSHumanReadableCopyright = "";
				INSTALL_PATH = "$(LOCAL_LIBRARY_DIR)/Frameworks";
				LD_RUNPATH_SEARCH_PATHS = (
					"$(inherited)",
					"@executable_path/Frameworks",
					"@loader_path/Frameworks",
				);
				MARKETING_VERSION = 1.0;
				MODULE_VERIFIER_SUPPORTED_LANGUAGES = "objective-c objective-c++";
				MODULE_VERIFIER_SUPPORTED_LANGUAGE_STANDARDS = "gnu17 gnu++20";
				PRODUCT_BUNDLE_IDENTIFIER = com.MaccolValidatorEmail;
				PRODUCT_NAME = "$(TARGET_NAME:c99extidentifier)";
				SKIP_INSTALL = YES;
				SWIFT_EMIT_LOC_STRINGS = YES;
				SWIFT_INSTALL_OBJC_HEADER = NO;
				SWIFT_OPTIMIZATION_LEVEL = "-Onone";
				SWIFT_VERSION = 5.0;
				TARGETED_DEVICE_FAMILY = "1,2";
			};
			name = Debug;
		};
		C9B44F2F2B9D93770020FB4B /* Release */ = {
			isa = XCBuildConfiguration;
			baseConfigurationReference = A84BED3A51F20C10089D3F1A /* Pods-MaccolValidatorEmail.release.xcconfig */;
			buildSettings = {
				BUILD_LIBRARY_FOR_DISTRIBUTION = YES;
				CLANG_ENABLE_MODULES = YES;
				CODE_SIGN_STYLE = Automatic;
				CURRENT_PROJECT_VERSION = 1;
				DEFINES_MODULE = YES;
				DYLIB_COMPATIBILITY_VERSION = 1;
				DYLIB_CURRENT_VERSION = 1;
				DYLIB_INSTALL_NAME_BASE = "@rpath";
				ENABLE_MODULE_VERIFIER = YES;
				GENERATE_INFOPLIST_FILE = YES;
				INFOPLIST_KEY_NSHumanReadableCopyright = "";
				INSTALL_PATH = "$(LOCAL_LIBRARY_DIR)/Frameworks";
				LD_RUNPATH_SEARCH_PATHS = (
					"$(inherited)",
					"@executable_path/Frameworks",
					"@loader_path/Frameworks",
				);
				MARKETING_VERSION = 1.0;
				MODULE_VERIFIER_SUPPORTED_LANGUAGES = "objective-c objective-c++";
				MODULE_VERIFIER_SUPPORTED_LANGUAGE_STANDARDS = "gnu17 gnu++20";
				PRODUCT_BUNDLE_IDENTIFIER = com.MaccolValidatorEmail;
				PRODUCT_NAME = "$(TARGET_NAME:c99extidentifier)";
				SKIP_INSTALL = YES;
				SWIFT_EMIT_LOC_STRINGS = YES;
				SWIFT_INSTALL_OBJC_HEADER = NO;
				SWIFT_VERSION = 5.0;
				TARGETED_DEVICE_FAMILY = "1,2";
			};
			name = Release;
		};
/* End XCBuildConfiguration section */

/* Begin XCConfigurationList section */
		C9B44F202B9D93770020FB4B /* Build configuration list for PBXProject "MaccolValidatorEmail" */ = {
			isa = XCConfigurationList;
			buildConfigurations = (
				C9B44F2B2B9D93770020FB4B /* Debug */,
				C9B44F2C2B9D93770020FB4B /* Release */,
			);
			defaultConfigurationIsVisible = 0;
			defaultConfigurationName = Release;
		};
		C9B44F2D2B9D93770020FB4B /* Build configuration list for PBXNativeTarget "MaccolValidatorEmail" */ = {
			isa = XCConfigurationList;
			buildConfigurations = (
				C9B44F2E2B9D93770020FB4B /* Debug */,
				C9B44F2F2B9D93770020FB4B /* Release */,
			);
			defaultConfigurationIsVisible = 0;
			defaultConfigurationName = Release;
		};
/* End XCConfigurationList section */
	};
	rootObject = C9B44F1D2B9D93770020FB4B /* Project object */;
}
